{
  "name": "verifycar",
  "version": "0.0.0",
  "lockfileVersion": 3,
  "requires": true,
  "packages": {
    "": {
      "name": "verifycar",
      "version": "0.0.0",
      "license": "MIT",
      "dependencies": {
        "@ipld/car": "^5.1.0",
        "@ipld/dag-cbor": "^9.0.0",
        "@ipld/dag-json": "^10.0.0",
        "@ipld/dag-pb": "^4.0.0",
        "multiformats": "^11.0.1"
      }
    },
    "node_modules/@ipld/car": {
      "version": "5.1.0",
      "resolved": "https://registry.npmjs.org/@ipld/car/-/car-5.1.0.tgz",
      "integrity": "sha512-k9pO0YqJvmFGY5pJDhF2Ocz+mRp3C3r4ikr1NrUXkzN/z4JzhE7XbQzUCcm7daq8k4tRqap0fWPjxZwjS9PUcQ==",
      "dependencies": {
        "@ipld/dag-cbor": "^9.0.0",
        "cborg": "^1.9.0",
        "multiformats": "^11.0.0",
        "varint": "^6.0.0"
      },
      "engines": {
        "node": ">=16.0.0",
        "npm": ">=7.0.0"
      }
    },
    "node_modules/@ipld/dag-cbor": {
      "version": "9.0.0",
      "resolved": "https://registry.npmjs.org/@ipld/dag-cbor/-/dag-cbor-9.0.0.tgz",
      "integrity": "sha512-zdsiSiYDEOIDW7mmWOYWC9gukjXO+F8wqxz/LfN7iSwTfIyipC8+UQrCbPupFMRb/33XQTZk8yl3My8vUQBRoA==",
      "dependencies": {
        "cborg": "^1.10.0",
        "multiformats": "^11.0.0"
      },
      "engines": {
        "node": ">=16.0.0",
        "npm": ">=7.0.0"
      }
    },
    "node_modules/@ipld/dag-json": {
      "version": "10.0.0",
      "resolved": "https://registry.npmjs.org/@ipld/dag-json/-/dag-json-10.0.0.tgz",
      "integrity": "sha512-u/PfR2sT9AiZZDUl1VNspx3OP13zuvBXAd3sKiURlSOoWfoLigxTCs+sXeaXA0hoXU7u1M2DECMt4LCUHuApSA==",
      "dependencies": {
        "cborg": "^1.10.0",
        "multiformats": "^11.0.0"
      },
      "engines": {
        "node": ">=16.0.0",
        "npm": ">=7.0.0"
      }
    },
    "node_modules/@ipld/dag-pb": {
      "version": "4.0.0",
      "resolved": "https://registry.npmjs.org/@ipld/dag-pb/-/dag-pb-4.0.0.tgz",
      "integrity": "sha512-8FB/qTlNowCiszL9Sek8xH6xIQxIioXuzZ5B1jVPknQMVkd08nZUHzDjrn1Y6MqJ5PrXWLrBwNghGMWPPpvNVw==",
      "dependencies": {
        "multiformats": "^11.0.0"
      },
      "engines": {
        "node": ">=16.0.0",
        "npm": ">=7.0.0"
      }
    },
    "node_modules/cborg": {
      "version": "1.10.0",
      "resolved": "https://registry.npmjs.org/cborg/-/cborg-1.10.0.tgz",
      "integrity": "sha512-/eM0JCaL99HDHxjySNQJLaolZFVdl6VA0/hEKIoiQPcQzE5LrG5QHdml0HaBt31brgB9dNe1zMr3f8IVrpotRQ==",
      "bin": {
        "cborg": "cli.js"
      }
    },
    "node_modules/multiformats": {
      "version": "11.0.1",
      "resolved": "https://registry.npmjs.org/multiformats/-/multiformats-11.0.1.tgz",
      "integrity": "sha512-atWruyH34YiknSdL5yeIir00EDlJRpHzELYQxG7Iy29eCyL+VrZHpPrX5yqlik3jnuqpLpRKVZ0SGVb9UzKaSA==",
      "engines": {
        "node": ">=16.0.0",
        "npm": ">=7.0.0"
      }
    },
    "node_modules/varint": {
      "version": "6.0.0",
      "resolved": "https://registry.npmjs.org/varint/-/varint-6.0.0.tgz",
      "integrity": "sha512-cXEIW6cfr15lFv563k4GuVuW/fiwjknytD37jIOLSdSWuOI6WnO/oKwmP2FQTU2l01LP8/M5TSAJpzUaGe3uWg=="
    }
  }
}
